
Microsoft Visual Studio Solution File, Format Version 12.00
# Visual Studio 15
VisualStudioVersion = 15.0.27130.2024
MinimumVisualStudioVersion = 10.0.40219.1
Project("{FAE04EC0-301F-11D3-BF4B-00C04F79EFBC}") = "FEIG", "FEIG\FEIG.csproj", "{0D6EA5D7-999A-4A64-98EE-31822E65D2CA}"
EndProject
Global
	GlobalSection(SolutionConfigurationPlatforms) = preSolution
		Debug|x64 = Debug|x64
		Debug|x86 = Debug|x86
		Release|x64 = Release|x64
		Release|x86 = Release|x86
	EndGlobalSection
	GlobalSection(ProjectConfigurationPlatforms) = postSolution
		{0D6EA5D7-999A-4A64-98EE-31822E65D2CA}.Debug|x64.ActiveCfg = Debug|x64
		{0D6EA5D7-999A-4A64-98EE-31822E65D2CA}.Debug|x64.Build.0 = Debug|x64
		{0D6EA5D7-999A-4A64-98EE-31822E65D2CA}.Debug|x86.ActiveCfg = Debug|x86
		{0D6EA5D7-999A-4A64-98EE-31822E65D2CA}.Debug|x86.Build.0 = Debug|x86
		{0D6EA5D7-999A-4A64-98EE-31822E65D2CA}.Release|x64.ActiveCfg = Release|x64
		{0D6EA5D7-999A-4A64-98EE-31822E65D2CA}.Release|x64.Build.0 = Release|x64
		{0D6EA5D7-999A-4A64-98EE-31822E65D2CA}.Release|x86.ActiveCfg = Release|x86
		{0D6EA5D7-999A-4A64-98EE-31822E65D2CA}.Release|x86.Build.0 = Release|x86
	EndGlobalSection
	GlobalSection(SolutionProperties) = preSolution
		HideSolutionNode = FALSE
	EndGlobalSection
	GlobalSection(ExtensibilityGlobals) = postSolution
		SolutionGuid = {52DD0A5F-026B-4F94-B9EB-D6EA3A8FD12F}
	EndGlobalSection
EndGlobal
